
Microsoft Visual Studio Solution File, Format Version 12.00
# Visual Studio Version 17
VisualStudioVersion = 17.5.33516.290
MinimumVisualStudioVersion = 10.0.40219.1
Project("{9A19103F-16F7-4668-BE54-9A1E7A4F7556}") = "Daily.Carp", "Daily.Carp\Daily.Carp.csproj", "{3490293E-B914-4925-9E49-22A276C23455}"
EndProject
Project("{2150E333-8FDC-42A3-9474-1A3956D46DE8}") = "Providers", "Providers", "{01FD0D36-C46A-4AE4-B106-B5B7EFF59C05}"
EndProject
Project("{2150E333-8FDC-42A3-9474-1A3956D46DE8}") = "Demos", "Demos", "{6599D6A4-606E-4E5F-A6B0-4C6EC271F2C1}"
EndProject
Project("{9A19103F-16F7-4668-BE54-9A1E7A4F7556}") = "Daily.Carp.Provider.Kubernetes", "Providers\Daily.Carp.Provider.Kubernetes\Daily.Carp.Provider.Kubernetes.csproj", "{A9BD61BD-D959-4748-9A3B-1917F2B34C1D}"
EndProject
Project("{9A19103F-16F7-4668-BE54-9A1E7A4F7556}") = "Simpleness", "Demos\Simpleness\Simpleness.csproj", "{BC5F7914-D81C-470E-9C2B-BBF87FAF4A86}"
EndProject
Project("{2150E333-8FDC-42A3-9474-1A3956D46DE8}") = "Kubernetes.Demo", "Kubernetes.Demo", "{A2B963FA-C5FC-451D-B054-E081EB1E46C3}"
EndProject
Project("{9A19103F-16F7-4668-BE54-9A1E7A4F7556}") = "Kubernetes.Demo01", "Demos\Kubernetes.Demo\Kubernetes.Demo01\Kubernetes.Demo01.csproj", "{6E358799-D947-481A-932F-99B97F6FF1AE}"
EndProject
Project("{2150E333-8FDC-42A3-9474-1A3956D46DE8}") = "Consul.Demo", "Consul.Demo", "{097E938E-EE0A-4F17-BB31-2DE4132F800A}"
EndProject
Project("{9A19103F-16F7-4668-BE54-9A1E7A4F7556}") = "Consul.Demo01", "Demos\Consul.Demo\Consul.Demo01\Consul.Demo01.csproj", "{4538E042-5DCA-4F28-B903-94A4980DC136}"
EndProject
Project("{9A19103F-16F7-4668-BE54-9A1E7A4F7556}") = "Consul.Client", "Demos\Consul.Demo\Consul.Client\Consul.Client.csproj", "{D51808BC-5A06-41F4-B833-98C89D1D8173}"
EndProject
Project("{9A19103F-16F7-4668-BE54-9A1E7A4F7556}") = "Daily.Carp.Provider.Consul", "Providers\Daily.Carp.Provider.Consul\Daily.Carp.Provider.Consul.csproj", "{46E0938A-DE49-4886-8BCD-5D0A810C3F1C}"
EndProject
Project("{2150E333-8FDC-42A3-9474-1A3956D46DE8}") = "AUC", "AUC", "{128F8015-50CC-48A2-A4B2-0CB7C47ABA6C}"
EndProject
Project("{9A19103F-16F7-4668-BE54-9A1E7A4F7556}") = "Consul.Client02", "Demos\Consul.Demo\Consul.Client02\Consul.Client02.csproj", "{867F3E25-F212-4CDB-970E-11D8CD421B61}"
EndProject
Project("{9A19103F-16F7-4668-BE54-9A1E7A4F7556}") = "AuthenticationCenter", "Demos\AUC\AuthenticationCenter\AuthenticationCenter.csproj", "{D452D9F7-4CFB-4773-AFE8-2599949AE3A9}"
EndProject
Project("{2150E333-8FDC-42A3-9474-1A3956D46DE8}") = "WebSocket.Demo", "WebSocket.Demo", "{AFA0EC2F-9EAE-4869-BEE2-9B333FDAC6C0}"
EndProject
Project("{9A19103F-16F7-4668-BE54-9A1E7A4F7556}") = "WebSocket.Demo01", "Demos\WebSocket.Demo\WebSocket.Demo01\WebSocket.Demo01.csproj", "{6FC48C74-1570-4A73-BD7C-4829341D457F}"
EndProject
Project("{2150E333-8FDC-42A3-9474-1A3956D46DE8}") = "Grpc.Demo", "Grpc.Demo", "{841641BA-D909-45E7-BB4E-6FEA5A090C96}"
EndProject
Project("{9A19103F-16F7-4668-BE54-9A1E7A4F7556}") = "GrpcClient1", "Demos\Grpc\GrpcClient1\GrpcClient1.csproj", "{1E743C29-C82F-423C-9502-9A517A548DE8}"
EndProject
Project("{9A19103F-16F7-4668-BE54-9A1E7A4F7556}") = "GrpcGateway", "Demos\Grpc\GrpcGateway\GrpcGateway.csproj", "{090D7A9F-460B-4A29-BF6A-610A06F28524}"
EndProject
Project("{9A19103F-16F7-4668-BE54-9A1E7A4F7556}") = "GrpcService1", "Demos\Grpc\GrpcService1\GrpcService1.csproj", "{4013F9BA-193C-4964-84DC-6E36DAB35C92}"
EndProject
Project("{FAE04EC0-301F-11D3-BF4B-00C04F79EFBC}") = "DomainNameResolution", "Demos\DomainNameResolution\DomainNameResolution.csproj", "{243B557F-41A9-426D-ABB2-D3DF5A1D174B}"
EndProject
Global
	GlobalSection(SolutionConfigurationPlatforms) = preSolution
		Debug|Any CPU = Debug|Any CPU
		Release|Any CPU = Release|Any CPU
	EndGlobalSection
	GlobalSection(ProjectConfigurationPlatforms) = postSolution
		{3490293E-B914-4925-9E49-22A276C23455}.Debug|Any CPU.ActiveCfg = Debug|Any CPU
		{3490293E-B914-4925-9E49-22A276C23455}.Debug|Any CPU.Build.0 = Debug|Any CPU
		{3490293E-B914-4925-9E49-22A276C23455}.Release|Any CPU.ActiveCfg = Release|Any CPU
		{3490293E-B914-4925-9E49-22A276C23455}.Release|Any CPU.Build.0 = Release|Any CPU
		{A9BD61BD-D959-4748-9A3B-1917F2B34C1D}.Debug|Any CPU.ActiveCfg = Debug|Any CPU
		{A9BD61BD-D959-4748-9A3B-1917F2B34C1D}.Debug|Any CPU.Build.0 = Debug|Any CPU
		{A9BD61BD-D959-4748-9A3B-1917F2B34C1D}.Release|Any CPU.ActiveCfg = Release|Any CPU
		{A9BD61BD-D959-4748-9A3B-1917F2B34C1D}.Release|Any CPU.Build.0 = Release|Any CPU
		{BC5F7914-D81C-470E-9C2B-BBF87FAF4A86}.Debug|Any CPU.ActiveCfg = Debug|Any CPU
		{BC5F7914-D81C-470E-9C2B-BBF87FAF4A86}.Debug|Any CPU.Build.0 = Debug|Any CPU
		{BC5F7914-D81C-470E-9C2B-BBF87FAF4A86}.Release|Any CPU.ActiveCfg = Release|Any CPU
		{BC5F7914-D81C-470E-9C2B-BBF87FAF4A86}.Release|Any CPU.Build.0 = Release|Any CPU
		{6E358799-D947-481A-932F-99B97F6FF1AE}.Debug|Any CPU.ActiveCfg = Debug|Any CPU
		{6E358799-D947-481A-932F-99B97F6FF1AE}.Debug|Any CPU.Build.0 = Debug|Any CPU
		{6E358799-D947-481A-932F-99B97F6FF1AE}.Release|Any CPU.ActiveCfg = Release|Any CPU
		{6E358799-D947-481A-932F-99B97F6FF1AE}.Release|Any CPU.Build.0 = Release|Any CPU
		{4538E042-5DCA-4F28-B903-94A4980DC136}.Debug|Any CPU.ActiveCfg = Debug|Any CPU
		{4538E042-5DCA-4F28-B903-94A4980DC136}.Debug|Any CPU.Build.0 = Debug|Any CPU
		{4538E042-5DCA-4F28-B903-94A4980DC136}.Release|Any CPU.ActiveCfg = Release|Any CPU
		{4538E042-5DCA-4F28-B903-94A4980DC136}.Release|Any CPU.Build.0 = Release|Any CPU
		{D51808BC-5A06-41F4-B833-98C89D1D8173}.Debug|Any CPU.ActiveCfg = Debug|Any CPU
		{D51808BC-5A06-41F4-B833-98C89D1D8173}.Debug|Any CPU.Build.0 = Debug|Any CPU
		{D51808BC-5A06-41F4-B833-98C89D1D8173}.Release|Any CPU.ActiveCfg = Release|Any CPU
		{D51808BC-5A06-41F4-B833-98C89D1D8173}.Release|Any CPU.Build.0 = Release|Any CPU
		{46E0938A-DE49-4886-8BCD-5D0A810C3F1C}.Debug|Any CPU.ActiveCfg = Debug|Any CPU
		{46E0938A-DE49-4886-8BCD-5D0A810C3F1C}.Debug|Any CPU.Build.0 = Debug|Any CPU
		{46E0938A-DE49-4886-8BCD-5D0A810C3F1C}.Release|Any CPU.ActiveCfg = Release|Any CPU
		{46E0938A-DE49-4886-8BCD-5D0A810C3F1C}.Release|Any CPU.Build.0 = Release|Any CPU
		{867F3E25-F212-4CDB-970E-11D8CD421B61}.Debug|Any CPU.ActiveCfg = Debug|Any CPU
		{867F3E25-F212-4CDB-970E-11D8CD421B61}.Debug|Any CPU.Build.0 = Debug|Any CPU
		{867F3E25-F212-4CDB-970E-11D8CD421B61}.Release|Any CPU.ActiveCfg = Release|Any CPU
		{867F3E25-F212-4CDB-970E-11D8CD421B61}.Release|Any CPU.Build.0 = Release|Any CPU
		{D452D9F7-4CFB-4773-AFE8-2599949AE3A9}.Debug|Any CPU.ActiveCfg = Debug|Any CPU
		{D452D9F7-4CFB-4773-AFE8-2599949AE3A9}.Debug|Any CPU.Build.0 = Debug|Any CPU
		{D452D9F7-4CFB-4773-AFE8-2599949AE3A9}.Release|Any CPU.ActiveCfg = Release|Any CPU
		{D452D9F7-4CFB-4773-AFE8-2599949AE3A9}.Release|Any CPU.Build.0 = Release|Any CPU
		{6FC48C74-1570-4A73-BD7C-4829341D457F}.Debug|Any CPU.ActiveCfg = Debug|Any CPU
		{6FC48C74-1570-4A73-BD7C-4829341D457F}.Debug|Any CPU.Build.0 = Debug|Any CPU
		{6FC48C74-1570-4A73-BD7C-4829341D457F}.Release|Any CPU.ActiveCfg = Release|Any CPU
		{6FC48C74-1570-4A73-BD7C-4829341D457F}.Release|Any CPU.Build.0 = Release|Any CPU
		{1E743C29-C82F-423C-9502-9A517A548DE8}.Debug|Any CPU.ActiveCfg = Debug|Any CPU
		{1E743C29-C82F-423C-9502-9A517A548DE8}.Debug|Any CPU.Build.0 = Debug|Any CPU
		{1E743C29-C82F-423C-9502-9A517A548DE8}.Release|Any CPU.ActiveCfg = Release|Any CPU
		{1E743C29-C82F-423C-9502-9A517A548DE8}.Release|Any CPU.Build.0 = Release|Any CPU
		{090D7A9F-460B-4A29-BF6A-610A06F28524}.Debug|Any CPU.ActiveCfg = Debug|Any CPU
		{090D7A9F-460B-4A29-BF6A-610A06F28524}.Debug|Any CPU.Build.0 = Debug|Any CPU
		{090D7A9F-460B-4A29-BF6A-610A06F28524}.Release|Any CPU.ActiveCfg = Release|Any CPU
		{090D7A9F-460B-4A29-BF6A-610A06F28524}.Release|Any CPU.Build.0 = Release|Any CPU
		{4013F9BA-193C-4964-84DC-6E36DAB35C92}.Debug|Any CPU.ActiveCfg = Debug|Any CPU
		{4013F9BA-193C-4964-84DC-6E36DAB35C92}.Debug|Any CPU.Build.0 = Debug|Any CPU
		{4013F9BA-193C-4964-84DC-6E36DAB35C92}.Release|Any CPU.ActiveCfg = Release|Any CPU
		{4013F9BA-193C-4964-84DC-6E36DAB35C92}.Release|Any CPU.Build.0 = Release|Any CPU
		{243B557F-41A9-426D-ABB2-D3DF5A1D174B}.Debug|Any CPU.ActiveCfg = Debug|Any CPU
		{243B557F-41A9-426D-ABB2-D3DF5A1D174B}.Debug|Any CPU.Build.0 = Debug|Any CPU
		{243B557F-41A9-426D-ABB2-D3DF5A1D174B}.Release|Any CPU.ActiveCfg = Release|Any CPU
		{243B557F-41A9-426D-ABB2-D3DF5A1D174B}.Release|Any CPU.Build.0 = Release|Any CPU
	EndGlobalSection
	GlobalSection(SolutionProperties) = preSolution
		HideSolutionNode = FALSE
	EndGlobalSection
	GlobalSection(NestedProjects) = preSolution
		{A9BD61BD-D959-4748-9A3B-1917F2B34C1D} = {01FD0D36-C46A-4AE4-B106-B5B7EFF59C05}
		{BC5F7914-D81C-470E-9C2B-BBF87FAF4A86} = {6599D6A4-606E-4E5F-A6B0-4C6EC271F2C1}
		{A2B963FA-C5FC-451D-B054-E081EB1E46C3} = {6599D6A4-606E-4E5F-A6B0-4C6EC271F2C1}
		{6E358799-D947-481A-932F-99B97F6FF1AE} = {A2B963FA-C5FC-451D-B054-E081EB1E46C3}
		{097E938E-EE0A-4F17-BB31-2DE4132F800A} = {6599D6A4-606E-4E5F-A6B0-4C6EC271F2C1}
		{4538E042-5DCA-4F28-B903-94A4980DC136} = {097E938E-EE0A-4F17-BB31-2DE4132F800A}
		{D51808BC-5A06-41F4-B833-98C89D1D8173} = {097E938E-EE0A-4F17-BB31-2DE4132F800A}
		{46E0938A-DE49-4886-8BCD-5D0A810C3F1C} = {01FD0D36-C46A-4AE4-B106-B5B7EFF59C05}
		{128F8015-50CC-48A2-A4B2-0CB7C47ABA6C} = {6599D6A4-606E-4E5F-A6B0-4C6EC271F2C1}
		{867F3E25-F212-4CDB-970E-11D8CD421B61} = {097E938E-EE0A-4F17-BB31-2DE4132F800A}
		{D452D9F7-4CFB-4773-AFE8-2599949AE3A9} = {128F8015-50CC-48A2-A4B2-0CB7C47ABA6C}
		{AFA0EC2F-9EAE-4869-BEE2-9B333FDAC6C0} = {6599D6A4-606E-4E5F-A6B0-4C6EC271F2C1}
		{6FC48C74-1570-4A73-BD7C-4829341D457F} = {AFA0EC2F-9EAE-4869-BEE2-9B333FDAC6C0}
		{841641BA-D909-45E7-BB4E-6FEA5A090C96} = {6599D6A4-606E-4E5F-A6B0-4C6EC271F2C1}
		{1E743C29-C82F-423C-9502-9A517A548DE8} = {841641BA-D909-45E7-BB4E-6FEA5A090C96}
		{090D7A9F-460B-4A29-BF6A-610A06F28524} = {841641BA-D909-45E7-BB4E-6FEA5A090C96}
		{4013F9BA-193C-4964-84DC-6E36DAB35C92} = {841641BA-D909-45E7-BB4E-6FEA5A090C96}
		{243B557F-41A9-426D-ABB2-D3DF5A1D174B} = {6599D6A4-606E-4E5F-A6B0-4C6EC271F2C1}
	EndGlobalSection
	GlobalSection(ExtensibilityGlobals) = postSolution
		SolutionGuid = {6EF0D572-4FF8-4762-BD03-AC4720F48372}
	EndGlobalSection
EndGlobal
